
Microsoft Visual Studio Solution File, Format Version 12.00
# Visual Studio 2012
Project("{FAE04EC0-301F-11D3-BF4B-00C04F79EFBC}") = "NotificationTest", "NotificationTest\NotificationTest.csproj", "{729D91D7-4D42-4C09-8715-3ECA326E69A3}"
EndProject
Global
	GlobalSection(SolutionConfigurationPlatforms) = preSolution
		Debug|Any CPU = Debug|Any CPU
		Release|Any CPU = Release|Any CPU
	EndGlobalSection
	GlobalSection(ProjectConfigurationPlatforms) = postSolution
		{729D91D7-4D42-4C09-8715-3ECA326E69A3}.Debug|Any CPU.ActiveCfg = Debug|Any CPU
		{729D91D7-4D42-4C09-8715-3ECA326E69A3}.Debug|Any CPU.Build.0 = Debug|Any CPU
		{729D91D7-4D42-4C09-8715-3ECA326E69A3}.Release|Any CPU.ActiveCfg = Release|Any CPU
		{729D91D7-4D42-4C09-8715-3ECA326E69A3}.Release|Any CPU.Build.0 = Release|Any CPU
	EndGlobalSection
	GlobalSection(SolutionProperties) = preSolution
		HideSolutionNode = FALSE
	EndGlobalSection
EndGlobal
